// !$*UTF8*$!
{
	archiveVersion = 1;
	classes = {
	};
	objectVersion = 46;
	objects = {

/* Begin PBXBuildFile section */
		1DAA74AE1C84491500485DB8 /* main.m in Sources */ = {isa = PBXBuildFile; fileRef = 1DAA74AD1C84491500485DB8 /* main.m */; };
		1DAA74B11C84491500485DB8 /* AppDelegate.m in Sources */ = {isa = PBXBuildFile; fileRef = 1DAA74B01C84491500485DB8 /* AppDelegate.m */; };
		1DAA74B41C84491500485DB8 /* ViewController.m in Sources */ = {isa = PBXBuildFile; fileRef = 1DAA74B31C84491500485DB8 /* ViewController.m */; };
		1DAA74B71C84491500485DB8 /* Main.storyboard in Resources */ = {isa = PBXBuildFile; fileRef = 1DAA74B51C84491500485DB8 /* Main.storyboard */; };
		1DAA74B91C84491500485DB8 /* Assets.xcassets in Resources */ = {isa = PBXBuildFile; fileRef = 1DAA74B81C84491500485DB8 /* Assets.xcassets */; };
		1DAA74BC1C84491500485DB8 /* LaunchScreen.storyboard in Resources */ = {isa = PBXBuildFile; fileRef = 1DAA74BA1C84491500485DB8 /* LaunchScreen.storyboard */; };
		1DAA74C71C84491500485DB8 /* SeetaoSDKTests.m in Sources */ = {isa = PBXBuildFile; fileRef = 1DAA74C61C84491500485DB8 /* SeetaoSDKTests.m */; };
		1DAA74D21C84491500485DB8 /* SeetaoSDKUITests.m in Sources */ = {isa = PBXBuildFile; fileRef = 1DAA74D11C84491500485DB8 /* SeetaoSDKUITests.m */; };
		1DAA75001C84492600485DB8 /* libseetaoSDK.a in Frameworks */ = {isa = PBXBuildFile; fileRef = 1DAA74E11C84492600485DB8 /* libseetaoSDK.a */; };
		1DAA75011C84492600485DB8 /* SeetaoBackIcon@2x.png in Resources */ = {isa = PBXBuildFile; fileRef = 1DAA74E31C84492600485DB8 /* SeetaoBackIcon@2x.png */; };
		1DAA75021C84492600485DB8 /* SeetaoBackIcon@3x.png in Resources */ = {isa = PBXBuildFile; fileRef = 1DAA74E41C84492600485DB8 /* SeetaoBackIcon@3x.png */; };
		1DAA75031C84492600485DB8 /* SeetaoHistoryImage@2x.png in Resources */ = {isa = PBXBuildFile; fileRef = 1DAA74E51C84492600485DB8 /* SeetaoHistoryImage@2x.png */; };
		1DAA75041C84492600485DB8 /* SeetaoInteractIcon@2x.png in Resources */ = {isa = PBXBuildFile; fileRef = 1DAA74E61C84492600485DB8 /* SeetaoInteractIcon@2x.png */; };
		1DAA75051C84492600485DB8 /* SeetaoInteractIconDot@2x.png in Resources */ = {isa = PBXBuildFile; fileRef = 1DAA74E71C84492600485DB8 /* SeetaoInteractIconDot@2x.png */; };
		1DAA75061C84492600485DB8 /* SeetaoInteractOffIcon@2x.png in Resources */ = {isa = PBXBuildFile; fileRef = 1DAA74E81C84492600485DB8 /* SeetaoInteractOffIcon@2x.png */; };
		1DAA75071C84492600485DB8 /* SeetaoInteractOfflineTip.gif in Resources */ = {isa = PBXBuildFile; fileRef = 1DAA74E91C84492600485DB8 /* SeetaoInteractOfflineTip.gif */; };
		1DAA75081C84492600485DB8 /* SeetaoInteractOnIcon@2x.png in Resources */ = {isa = PBXBuildFile; fileRef = 1DAA74EA1C84492600485DB8 /* SeetaoInteractOnIcon@2x.png */; };
		1DAA75091C84492600485DB8 /* SeetaoMoreIcon@2x.png in Resources */ = {isa = PBXBuildFile; fileRef = 1DAA74EB1C84492600485DB8 /* SeetaoMoreIcon@2x.png */; };
		1DAA750A1C84492600485DB8 /* SeetaoNetErrorIcon@2x.png in Resources */ = {isa = PBXBuildFile; fileRef = 1DAA74EC1C84492600485DB8 /* SeetaoNetErrorIcon@2x.png */; };
		1DAA750B1C84492600485DB8 /* SeetaoNetErrorIcon@3x.png in Resources */ = {isa = PBXBuildFile; fileRef = 1DAA74ED1C84492600485DB8 /* SeetaoNetErrorIcon@3x.png */; };
		1DAA750C1C84492600485DB8 /* SeetaoRefreshIcon@2x.png in Resources */ = {isa = PBXBuildFile; fileRef = 1DAA74EE1C84492600485DB8 /* SeetaoRefreshIcon@2x.png */; };
		1DAA750D1C84492600485DB8 /* SeetaoRefreshIcon@3x.png in Resources */ = {isa = PBXBuildFile; fileRef = 1DAA74EF1C84492600485DB8 /* SeetaoRefreshIcon@3x.png */; };
		1DAA750E1C84492600485DB8 /* SeetaoShakeBg@2x.jpg in Resources */ = {isa = PBXBuildFile; fileRef = 1DAA74F01C84492600485DB8 /* SeetaoShakeBg@2x.jpg */; };
		1DAA750F1C84492600485DB8 /* SeetaoShakeImage@2x.png in Resources */ = {isa = PBXBuildFile; fileRef = 1DAA74F11C84492600485DB8 /* SeetaoShakeImage@2x.png */; };
		1DAA75101C84492600485DB8 /* SeetaoShakeImageBg.png in Resources */ = {isa = PBXBuildFile; fileRef = 1DAA74F21C84492600485DB8 /* SeetaoShakeImageBg.png */; };
		1DAA75111C84492600485DB8 /* SeetaoShakeThemeCustomVC.xib in Resources */ = {isa = PBXBuildFile; fileRef = 1DAA74F31C84492600485DB8 /* SeetaoShakeThemeCustomVC.xib */; };
		1DAA75121C84492600485DB8 /* SeetaoShakeViewController.xib in Resources */ = {isa = PBXBuildFile; fileRef = 1DAA74F41C84492600485DB8 /* SeetaoShakeViewController.xib */; };
		1DAA75131C84492600485DB8 /* SeetaoShareIcon@2x.png in Resources */ = {isa = PBXBuildFile; fileRef = 1DAA74F51C84492600485DB8 /* SeetaoShareIcon@2x.png */; };
		1DAA75141C84492600485DB8 /* SeetaoShareIcon@3x.png in Resources */ = {isa = PBXBuildFile; fileRef = 1DAA74F61C84492600485DB8 /* SeetaoShareIcon@3x.png */; };
		1DAA75151C84492600485DB8 /* SeetaoTipCloseIcon@2x.png in Resources */ = {isa = PBXBuildFile; fileRef = 1DAA74F71C84492600485DB8 /* SeetaoTipCloseIcon@2x.png */; };
		1DAA75161C84492600485DB8 /* SeetaoWebViewController.xib in Resources */ = {isa = PBXBuildFile; fileRef = 1DAA74F81C84492600485DB8 /* SeetaoWebViewController.xib */; };
		1DAA75171C84492600485DB8 /* SeetaoWebViewJavascriptBridge.js.txt in Resources */ = {isa = PBXBuildFile; fileRef = 1DAA74F91C84492600485DB8 /* SeetaoWebViewJavascriptBridge.js.txt */; };
		1DAA75181C84492600485DB8 /* shake.mp3 in Resources */ = {isa = PBXBuildFile; fileRef = 1DAA74FA1C84492600485DB8 /* shake.mp3 */; };
/* End PBXBuildFile section */

/* Begin PBXContainerItemProxy section */
		1DAA74C31C84491500485DB8 /* PBXContainerItemProxy */ = {
			isa = PBXContainerItemProxy;
			containerPortal = 1DAA74A11C84491500485DB8 /* Project object */;
			proxyType = 1;
			remoteGlobalIDString = 1DAA74A81C84491500485DB8;
			remoteInfo = SeetaoSDK;
		};
		1DAA74CE1C84491500485DB8 /* PBXContainerItemProxy */ = {
			isa = PBXContainerItemProxy;
			containerPortal = 1DAA74A11C84491500485DB8 /* Project object */;
			proxyType = 1;
			remoteGlobalIDString = 1DAA74A81C84491500485DB8;
			remoteInfo = SeetaoSDK;
		};
/* End PBXContainerItemProxy section */

/* Begin PBXFileReference section */
		1DAA74A91C84491500485DB8 /* SeetaoSDK.app */ = {isa = PBXFileReference; explicitFileType = wrapper.application; includeInIndex = 0; path = SeetaoSDK.app; sourceTree = BUILT_PRODUCTS_DIR; };
		1DAA74AD1C84491500485DB8 /* main.m */ = {isa = PBXFileReference; lastKnownFileType = sourcecode.c.objc; path = main.m; sourceTree = "<group>"; };
		1DAA74AF1C84491500485DB8 /* AppDelegate.h */ = {isa = PBXFileReference; lastKnownFileType = sourcecode.c.h; path = AppDelegate.h; sourceTree = "<group>"; };
		1DAA74B01C84491500485DB8 /* AppDelegate.m */ = {isa = PBXFileReference; lastKnownFileType = sourcecode.c.objc; path = AppDelegate.m; sourceTree = "<group>"; };
		1DAA74B21C84491500485DB8 /* ViewController.h */ = {isa = PBXFileReference; lastKnownFileType = sourcecode.c.h; path = ViewController.h; sourceTree = "<group>"; };
		1DAA74B31C84491500485DB8 /* ViewController.m */ = {isa = PBXFileReference; lastKnownFileType = sourcecode.c.objc; path = ViewController.m; sourceTree = "<group>"; };
		1DAA74B61C84491500485DB8 /* Base */ = {isa = PBXFileReference; lastKnownFileType = file.storyboard; name = Base; path = Base.lproj/Main.storyboard; sourceTree = "<group>"; };
		1DAA74B81C84491500485DB8 /* Assets.xcassets */ = {isa = PBXFileReference; lastKnownFileType = folder.assetcatalog; path = Assets.xcassets; sourceTree = "<group>"; };
		1DAA74BB1C84491500485DB8 /* Base */ = {isa = PBXFileReference; lastKnownFileType = file.storyboard; name = Base; path = Base.lproj/LaunchScreen.storyboard; sourceTree = "<group>"; };
		1DAA74BD1C84491500485DB8 /* Info.plist */ = {isa = PBXFileReference; lastKnownFileType = text.plist.xml; path = Info.plist; sourceTree = "<group>"; };
		1DAA74C21C84491500485DB8 /* SeetaoSDKTests.xctest */ = {isa = PBXFileReference; explicitFileType = wrapper.cfbundle; includeInIndex = 0; path = SeetaoSDKTests.xctest; sourceTree = BUILT_PRODUCTS_DIR; };
		1DAA74C61C84491500485DB8 /* SeetaoSDKTests.m */ = {isa = PBXFileReference; lastKnownFileType = sourcecode.c.objc; path = SeetaoSDKTests.m; sourceTree = "<group>"; };
		1DAA74C81C84491500485DB8 /* Info.plist */ = {isa = PBXFileReference; lastKnownFileType = text.plist.xml; path = Info.plist; sourceTree = "<group>"; };
		1DAA74CD1C84491500485DB8 /* SeetaoSDKUITests.xctest */ = {isa = PBXFileReference; explicitFileType = wrapper.cfbundle; includeInIndex = 0; path = SeetaoSDKUITests.xctest; sourceTree = BUILT_PRODUCTS_DIR; };
		1DAA74D11C84491500485DB8 /* SeetaoSDKUITests.m */ = {isa = PBXFileReference; lastKnownFileType = sourcecode.c.objc; path = SeetaoSDKUITests.m; sourceTree = "<group>"; };
		1DAA74D31C84491500485DB8 /* Info.plist */ = {isa = PBXFileReference; lastKnownFileType = text.plist.xml; path = Info.plist; sourceTree = "<group>"; };
		1DAA74E11C84492600485DB8 /* libseetaoSDK.a */ = {isa = PBXFileReference; lastKnownFileType = archive.ar; path = libseetaoSDK.a; sourceTree = "<group>"; };
		1DAA74E31C84492600485DB8 /* SeetaoBackIcon@2x.png */ = {isa = PBXFileReference; lastKnownFileType = image.png; path = "SeetaoBackIcon@2x.png"; sourceTree = "<group>"; };
		1DAA74E41C84492600485DB8 /* SeetaoBackIcon@3x.png */ = {isa = PBXFileReference; lastKnownFileType = image.png; path = "SeetaoBackIcon@3x.png"; sourceTree = "<group>"; };
		1DAA74E51C84492600485DB8 /* SeetaoHistoryImage@2x.png */ = {isa = PBXFileReference; lastKnownFileType = image.png; path = "SeetaoHistoryImage@2x.png"; sourceTree = "<group>"; };
		1DAA74E61C84492600485DB8 /* SeetaoInteractIcon@2x.png */ = {isa = PBXFileReference; lastKnownFileType = image.png; path = "SeetaoInteractIcon@2x.png"; sourceTree = "<group>"; };
		1DAA74E71C84492600485DB8 /* SeetaoInteractIconDot@2x.png */ = {isa = PBXFileReference; lastKnownFileType = image.png; path = "SeetaoInteractIconDot@2x.png"; sourceTree = "<group>"; };
		1DAA74E81C84492600485DB8 /* SeetaoInteractOffIcon@2x.png */ = {isa = PBXFileReference; lastKnownFileType = image.png; path = "SeetaoInteractOffIcon@2x.png"; sourceTree = "<group>"; };
		1DAA74E91C84492600485DB8 /* SeetaoInteractOfflineTip.gif */ = {isa = PBXFileReference; lastKnownFileType = image.gif; path = SeetaoInteractOfflineTip.gif; sourceTree = "<group>"; };
		1DAA74EA1C84492600485DB8 /* SeetaoInteractOnIcon@2x.png */ = {isa = PBXFileReference; lastKnownFileType = image.png; path = "SeetaoInteractOnIcon@2x.png"; sourceTree = "<group>"; };
		1DAA74EB1C84492600485DB8 /* SeetaoMoreIcon@2x.png */ = {isa = PBXFileReference; lastKnownFileType = image.png; path = "SeetaoMoreIcon@2x.png"; sourceTree = "<group>"; };
		1DAA74EC1C84492600485DB8 /* SeetaoNetErrorIcon@2x.png */ = {isa = PBXFileReference; lastKnownFileType = image.png; path = "SeetaoNetErrorIcon@2x.png"; sourceTree = "<group>"; };
		1DAA74ED1C84492600485DB8 /* SeetaoNetErrorIcon@3x.png */ = {isa = PBXFileReference; lastKnownFileType = image.png; path = "SeetaoNetErrorIcon@3x.png"; sourceTree = "<group>"; };
		1DAA74EE1C84492600485DB8 /* SeetaoRefreshIcon@2x.png */ = {isa = PBXFileReference; lastKnownFileType = image.png; path = "SeetaoRefreshIcon@2x.png"; sourceTree = "<group>"; };
		1DAA74EF1C84492600485DB8 /* SeetaoRefreshIcon@3x.png */ = {isa = PBXFileReference; lastKnownFileType = image.png; path = "SeetaoRefreshIcon@3x.png"; sourceTree = "<group>"; };
		1DAA74F01C84492600485DB8 /* SeetaoShakeBg@2x.jpg */ = {isa = PBXFileReference; lastKnownFileType = image.jpeg; path = "SeetaoShakeBg@2x.jpg"; sourceTree = "<group>"; };
		1DAA74F11C84492600485DB8 /* SeetaoShakeImage@2x.png */ = {isa = PBXFileReference; lastKnownFileType = image.png; path = "SeetaoShakeImage@2x.png"; sourceTree = "<group>"; };
		1DAA74F21C84492600485DB8 /* SeetaoShakeImageBg.png */ = {isa = PBXFileReference; lastKnownFileType = image.png; path = SeetaoShakeImageBg.png; sourceTree = "<group>"; };
		1DAA74F31C84492600485DB8 /* SeetaoShakeThemeCustomVC.xib */ = {isa = PBXFileReference; fileEncoding = 4; lastKnownFileType = file.xib; path = SeetaoShakeThemeCustomVC.xib; sourceTree = "<group>"; };
		1DAA74F41C84492600485DB8 /* SeetaoShakeViewController.xib */ = {isa = PBXFileReference; fileEncoding = 4; lastKnownFileType = file.xib; path = SeetaoShakeViewController.xib; sourceTree = "<group>"; };
		1DAA74F51C84492600485DB8 /* SeetaoShareIcon@2x.png */ = {isa = PBXFileReference; lastKnownFileType = image.png; path = "SeetaoShareIcon@2x.png"; sourceTree = "<group>"; };
		1DAA74F61C84492600485DB8 /* SeetaoShareIcon@3x.png */ = {isa = PBXFileReference; lastKnownFileType = image.png; path = "SeetaoShareIcon@3x.png"; sourceTree = "<group>"; };
		1DAA74F71C84492600485DB8 /* SeetaoTipCloseIcon@2x.png */ = {isa = PBXFileReference; lastKnownFileType = image.png; path = "SeetaoTipCloseIcon@2x.png"; sourceTree = "<group>"; };
		1DAA74F81C84492600485DB8 /* SeetaoWebViewController.xib */ = {isa = PBXFileReference; fileEncoding = 4; lastKnownFileType = file.xib; path = SeetaoWebViewController.xib; sourceTree = "<group>"; };
		1DAA74F91C84492600485DB8 /* SeetaoWebViewJavascriptBridge.js.txt */ = {isa = PBXFileReference; fileEncoding = 4; lastKnownFileType = text; path = SeetaoWebViewJavascriptBridge.js.txt; sourceTree = "<group>"; };
		1DAA74FA1C84492600485DB8 /* shake.mp3 */ = {isa = PBXFileReference; lastKnownFileType = audio.mp3; path = shake.mp3; sourceTree = "<group>"; };
		1DAA74FB1C84492600485DB8 /* SeetaoNavigationController.h */ = {isa = PBXFileReference; fileEncoding = 4; lastKnownFileType = sourcecode.c.h; path = SeetaoNavigationController.h; sourceTree = "<group>"; };
		1DAA74FC1C84492600485DB8 /* SeetaoSDK.h */ = {isa = PBXFileReference; fileEncoding = 4; lastKnownFileType = sourcecode.c.h; path = SeetaoSDK.h; sourceTree = "<group>"; };
		1DAA74FD1C84492600485DB8 /* SeetaoShareContent.h */ = {isa = PBXFileReference; fileEncoding = 4; lastKnownFileType = sourcecode.c.h; path = SeetaoShareContent.h; sourceTree = "<group>"; };
		1DAA74FE1C84492600485DB8 /* SeetaoUser.h */ = {isa = PBXFileReference; fileEncoding = 4; lastKnownFileType = sourcecode.c.h; path = SeetaoUser.h; sourceTree = "<group>"; };
		1DAA74FF1C84492600485DB8 /* SeetaoWebViewController.h */ = {isa = PBXFileReference; fileEncoding = 4; lastKnownFileType = sourcecode.c.h; path = SeetaoWebViewController.h; sourceTree = "<group>"; };
/* End PBXFileReference section */

/* Begin PBXFrameworksBuildPhase section */
		1DAA74A61C84491500485DB8 /* Frameworks */ = {
			isa = PBXFrameworksBuildPhase;
			buildActionMask = 2147483647;
			files = (
				1DAA75001C84492600485DB8 /* libseetaoSDK.a in Frameworks */,
			);
			runOnlyForDeploymentPostprocessing = 0;
		};
		1DAA74BF1C84491500485DB8 /* Frameworks */ = {
			isa = PBXFrameworksBuildPhase;
			buildActionMask = 2147483647;
			files = (
			);
			runOnlyForDeploymentPostprocessing = 0;
		};
		1DAA74CA1C84491500485DB8 /* Frameworks */ = {
			isa = PBXFrameworksBuildPhase;
			buildActionMask = 2147483647;
			files = (
			);
			runOnlyForDeploymentPostprocessing = 0;
		};
/* End PBXFrameworksBuildPhase section */

/* Begin PBXGroup section */
		1DAA74A01C84491500485DB8 = {
			isa = PBXGroup;
			children = (
				1DAA74AB1C84491500485DB8 /* SeetaoSDK */,
				1DAA74C51C84491500485DB8 /* SeetaoSDKTests */,
				1DAA74D01C84491500485DB8 /* SeetaoSDKUITests */,
				1DAA74AA1C84491500485DB8 /* Products */,
			);
			sourceTree = "<group>";
		};
		1DAA74AA1C84491500485DB8 /* Products */ = {
			isa = PBXGroup;
			children = (
				1DAA74A91C84491500485DB8 /* SeetaoSDK.app */,
				1DAA74C21C84491500485DB8 /* SeetaoSDKTests.xctest */,
				1DAA74CD1C84491500485DB8 /* SeetaoSDKUITests.xctest */,
			);
			name = Products;
			sourceTree = "<group>";
		};
		1DAA74AB1C84491500485DB8 /* SeetaoSDK */ = {
			isa = PBXGroup;
			children = (
				1DAA74DF1C84492600485DB8 /* SeetaoSDK */,
				1DAA74AF1C84491500485DB8 /* AppDelegate.h */,
				1DAA74B01C84491500485DB8 /* AppDelegate.m */,
				1DAA74B21C84491500485DB8 /* ViewController.h */,
				1DAA74B31C84491500485DB8 /* ViewController.m */,
				1DAA74B51C84491500485DB8 /* Main.storyboard */,
				1DAA74B81C84491500485DB8 /* Assets.xcassets */,
				1DAA74BA1C84491500485DB8 /* LaunchScreen.storyboard */,
				1DAA74BD1C84491500485DB8 /* Info.plist */,
				1DAA74AC1C84491500485DB8 /* Supporting Files */,
			);
			path = SeetaoSDK;
			sourceTree = "<group>";
		};
		1DAA74AC1C84491500485DB8 /* Supporting Files */ = {
			isa = PBXGroup;
			children = (
				1DAA74AD1C84491500485DB8 /* main.m */,
			);
			name = "Supporting Files";
			sourceTree = "<group>";
		};
		1DAA74C51C84491500485DB8 /* SeetaoSDKTests */ = {
			isa = PBXGroup;
			children = (
				1DAA74C61C84491500485DB8 /* SeetaoSDKTests.m */,
				1DAA74C81C84491500485DB8 /* Info.plist */,
			);
			path = SeetaoSDKTests;
			sourceTree = "<group>";
		};
		1DAA74D01C84491500485DB8 /* SeetaoSDKUITests */ = {
			isa = PBXGroup;
			children = (
				1DAA74D11C84491500485DB8 /* SeetaoSDKUITests.m */,
				1DAA74D31C84491500485DB8 /* Info.plist */,
			);
			path = SeetaoSDKUITests;
			sourceTree = "<group>";
		};
		1DAA74DF1C84492600485DB8 /* SeetaoSDK */ = {
			isa = PBXGroup;
			children = (
				1DAA74E01C84492600485DB8 /* Libs */,
				1DAA74E21C84492600485DB8 /* Resources */,
				1DAA74FB1C84492600485DB8 /* SeetaoNavigationController.h */,
				1DAA74FC1C84492600485DB8 /* SeetaoSDK.h */,
				1DAA74FD1C84492600485DB8 /* SeetaoShareContent.h */,
				1DAA74FE1C84492600485DB8 /* SeetaoUser.h */,
				1DAA74FF1C84492600485DB8 /* SeetaoWebViewController.h */,
			);
			path = SeetaoSDK;
			sourceTree = "<group>";
		};
		1DAA74E01C84492600485DB8 /* Libs */ = {
			isa = PBXGroup;
			children = (
				1DAA74E11C84492600485DB8 /* libseetaoSDK.a */,
			);
			path = Libs;
			sourceTree = "<group>";
		};
		1DAA74E21C84492600485DB8 /* Resources */ = {
			isa = PBXGroup;
			children = (
				1DAA74E31C84492600485DB8 /* SeetaoBackIcon@2x.png */,
				1DAA74E41C84492600485DB8 /* SeetaoBackIcon@3x.png */,
				1DAA74E51C84492600485DB8 /* SeetaoHistoryImage@2x.png */,
				1DAA74E61C84492600485DB8 /* SeetaoInteractIcon@2x.png */,
				1DAA74E71C84492600485DB8 /* SeetaoInteractIconDot@2x.png */,
				1DAA74E81C84492600485DB8 /* SeetaoInteractOffIcon@2x.png */,
				1DAA74E91C84492600485DB8 /* SeetaoInteractOfflineTip.gif */,
				1DAA74EA1C84492600485DB8 /* SeetaoInteractOnIcon@2x.png */,
				1DAA74EB1C84492600485DB8 /* SeetaoMoreIcon@2x.png */,
				1DAA74EC1C84492600485DB8 /* SeetaoNetErrorIcon@2x.png */,
				1DAA74ED1C84492600485DB8 /* SeetaoNetErrorIcon@3x.png */,
				1DAA74EE1C84492600485DB8 /* SeetaoRefreshIcon@2x.png */,
				1DAA74EF1C84492600485DB8 /* SeetaoRefreshIcon@3x.png */,
				1DAA74F01C84492600485DB8 /* SeetaoShakeBg@2x.jpg */,
				1DAA74F11C84492600485DB8 /* SeetaoShakeImage@2x.png */,
				1DAA74F21C84492600485DB8 /* SeetaoShakeImageBg.png */,
				1DAA74F31C84492600485DB8 /* SeetaoShakeThemeCustomVC.xib */,
				1DAA74F41C84492600485DB8 /* SeetaoShakeViewController.xib */,
				1DAA74F51C84492600485DB8 /* SeetaoShareIcon@2x.png */,
				1DAA74F61C84492600485DB8 /* SeetaoShareIcon@3x.png */,
				1DAA74F71C84492600485DB8 /* SeetaoTipCloseIcon@2x.png */,
				1DAA74F81C84492600485DB8 /* SeetaoWebViewController.xib */,
				1DAA74F91C84492600485DB8 /* SeetaoWebViewJavascriptBridge.js.txt */,
				1DAA74FA1C84492600485DB8 /* shake.mp3 */,
			);
			path = Resources;
			sourceTree = "<group>";
		};
/* End PBXGroup section */

/* Begin PBXNativeTarget section */
		1DAA74A81C84491500485DB8 /* SeetaoSDK */ = {
			isa = PBXNativeTarget;
			buildConfigurationList = 1DAA74D61C84491500485DB8 /* Build configuration list for PBXNativeTarget "SeetaoSDK" */;
			buildPhases = (
				1DAA74A51C84491500485DB8 /* Sources */,
				1DAA74A61C84491500485DB8 /* Frameworks */,
				1DAA74A71C84491500485DB8 /* Resources */,
			);
			buildRules = (
			);
			dependencies = (
			);
			name = SeetaoSDK;
			productName = SeetaoSDK;
			productReference = 1DAA74A91C84491500485DB8 /* SeetaoSDK.app */;
			productType = "com.apple.product-type.application";
		};
		1DAA74C11C84491500485DB8 /* SeetaoSDKTests */ = {
			isa = PBXNativeTarget;
			buildConfigurationList = 1DAA74D91C84491500485DB8 /* Build configuration list for PBXNativeTarget "SeetaoSDKTests" */;
			buildPhases = (
				1DAA74BE1C84491500485DB8 /* Sources */,
				1DAA74BF1C84491500485DB8 /* Frameworks */,
				1DAA74C01C84491500485DB8 /* Resources */,
			);
			buildRules = (
			);
			dependencies = (
				1DAA74C41C84491500485DB8 /* PBXTargetDependency */,
			);
			name = SeetaoSDKTests;
			productName = SeetaoSDKTests;
			productReference = 1DAA74C21C84491500485DB8 /* SeetaoSDKTests.xctest */;
			productType = "com.apple.product-type.bundle.unit-test";
		};
		1DAA74CC1C84491500485DB8 /* SeetaoSDKUITests */ = {
			isa = PBXNativeTarget;
			buildConfigurationList = 1DAA74DC1C84491500485DB8 /* Build configuration list for PBXNativeTarget "SeetaoSDKUITests" */;
			buildPhases = (
				1DAA74C91C84491500485DB8 /* Sources */,
				1DAA74CA1C84491500485DB8 /* Frameworks */,
				1DAA74CB1C84491500485DB8 /* Resources */,
			);
			buildRules = (
			);
			dependencies = (
				1DAA74CF1C84491500485DB8 /* PBXTargetDependency */,
			);
			name = SeetaoSDKUITests;
			productName = SeetaoSDKUITests;
			productReference = 1DAA74CD1C84491500485DB8 /* SeetaoSDKUITests.xctest */;
			productType = "com.apple.product-type.bundle.ui-testing";
		};
/* End PBXNativeTarget section */

/* Begin PBXProject section */
		1DAA74A11C84491500485DB8 /* Project object */ = {
			isa = PBXProject;
			attributes = {
				LastUpgradeCheck = 0720;
				ORGANIZATIONNAME = zhanglichi;
				TargetAttributes = {
					1DAA74A81C84491500485DB8 = {
						CreatedOnToolsVersion = 7.2;
					};
					1DAA74C11C84491500485DB8 = {
						CreatedOnToolsVersion = 7.2;
						TestTargetID = 1DAA74A81C84491500485DB8;
					};
					1DAA74CC1C84491500485DB8 = {
						CreatedOnToolsVersion = 7.2;
						TestTargetID = 1DAA74A81C84491500485DB8;
					};
				};
			};
			buildConfigurationList = 1DAA74A41C84491500485DB8 /* Build configuration list for PBXProject "SeetaoSDK" */;
			compatibilityVersion = "Xcode 3.2";
			developmentRegion = English;
			hasScannedForEncodings = 0;
			knownRegions = (
				en,
				Base,
			);
			mainGroup = 1DAA74A01C84491500485DB8;
			productRefGroup = 1DAA74AA1C84491500485DB8 /* Products */;
			projectDirPath = "";
			projectRoot = "";
			targets = (
				1DAA74A81C84491500485DB8 /* SeetaoSDK */,
				1DAA74C11C84491500485DB8 /* SeetaoSDKTests */,
				1DAA74CC1C84491500485DB8 /* SeetaoSDKUITests */,
			);
		};
/* End PBXProject section */

/* Begin PBXResourcesBuildPhase section */
		1DAA74A71C84491500485DB8 /* Resources */ = {
			isa = PBXResourcesBuildPhase;
			buildActionMask = 2147483647;
			files = (
				1DAA75161C84492600485DB8 /* SeetaoWebViewController.xib in Resources */,
				1DAA75171C84492600485DB8 /* SeetaoWebViewJavascriptBridge.js.txt in Resources */,
				1DAA75031C84492600485DB8 /* SeetaoHistoryImage@2x.png in Resources */,
				1DAA75041C84492600485DB8 /* SeetaoInteractIcon@2x.png in Resources */,
				1DAA75101C84492600485DB8 /* SeetaoShakeImageBg.png in Resources */,
				1DAA75151C84492600485DB8 /* SeetaoTipCloseIcon@2x.png in Resources */,
				1DAA75081C84492600485DB8 /* SeetaoInteractOnIcon@2x.png in Resources */,
				1DAA75131C84492600485DB8 /* SeetaoShareIcon@2x.png in Resources */,
				1DAA74BC1C84491500485DB8 /* LaunchScreen.storyboard in Resources */,
				1DAA75121C84492600485DB8 /* SeetaoShakeViewController.xib in Resources */,
				1DAA75111C84492600485DB8 /* SeetaoShakeThemeCustomVC.xib in Resources */,
				1DAA750E1C84492600485DB8 /* SeetaoShakeBg@2x.jpg in Resources */,
				1DAA750B1C84492600485DB8 /* SeetaoNetErrorIcon@3x.png in Resources */,
				1DAA75071C84492600485DB8 /* SeetaoInteractOfflineTip.gif in Resources */,
				1DAA75011C84492600485DB8 /* SeetaoBackIcon@2x.png in Resources */,
				1DAA75051C84492600485DB8 /* SeetaoInteractIconDot@2x.png in Resources */,
				1DAA750A1C84492600485DB8 /* SeetaoNetErrorIcon@2x.png in Resources */,
				1DAA74B91C84491500485DB8 /* Assets.xcassets in Resources */,
				1DAA75061C84492600485DB8 /* SeetaoInteractOffIcon@2x.png in Resources */,
				1DAA75181C84492600485DB8 /* shake.mp3 in Resources */,
				1DAA750F1C84492600485DB8 /* SeetaoShakeImage@2x.png in Resources */,
				1DAA75141C84492600485DB8 /* SeetaoShareIcon@3x.png in Resources */,
				1DAA75021C84492600485DB8 /* SeetaoBackIcon@3x.png in Resources */,
				1DAA750C1C84492600485DB8 /* SeetaoRefreshIcon@2x.png in Resources */,
				1DAA74B71C84491500485DB8 /* Main.storyboard in Resources */,
				1DAA75091C84492600485DB8 /* SeetaoMoreIcon@2x.png in Resources */,
				1DAA750D1C84492600485DB8 /* SeetaoRefreshIcon@3x.png in Resources */,
			);
			runOnlyForDeploymentPostprocessing = 0;
		};
		1DAA74C01C84491500485DB8 /* Resources */ = {
			isa = PBXResourcesBuildPhase;
			buildActionMask = 2147483647;
			files = (
			);
			runOnlyForDeploymentPostprocessing = 0;
		};
		1DAA74CB1C84491500485DB8 /* Resources */ = {
			isa = PBXResourcesBuildPhase;
			buildActionMask = 2147483647;
			files = (
			);
			runOnlyForDeploymentPostprocessing = 0;
		};
/* End PBXResourcesBuildPhase section */

/* Begin PBXSourcesBuildPhase section */
		1DAA74A51C84491500485DB8 /* Sources */ = {
			isa = PBXSourcesBuildPhase;
			buildActionMask = 2147483647;
			files = (
				1DAA74B41C84491500485DB8 /* ViewController.m in Sources */,
				1DAA74B11C84491500485DB8 /* AppDelegate.m in Sources */,
				1DAA74AE1C84491500485DB8 /* main.m in Sources */,
			);
			runOnlyForDeploymentPostprocessing = 0;
		};
		1DAA74BE1C84491500485DB8 /* Sources */ = {
			isa = PBXSourcesBuildPhase;
			buildActionMask = 2147483647;
			files = (
				1DAA74C71C84491500485DB8 /* SeetaoSDKTests.m in Sources */,
			);
			runOnlyForDeploymentPostprocessing = 0;
		};
		1DAA74C91C84491500485DB8 /* Sources */ = {
			isa = PBXSourcesBuildPhase;
			buildActionMask = 2147483647;
			files = (
				1DAA74D21C84491500485DB8 /* SeetaoSDKUITests.m in Sources */,
			);
			runOnlyForDeploymentPostprocessing = 0;
		};
/* End PBXSourcesBuildPhase section */

/* Begin PBXTargetDependency section */
		1DAA74C41C84491500485DB8 /* PBXTargetDependency */ = {
			isa = PBXTargetDependency;
			target = 1DAA74A81C84491500485DB8 /* SeetaoSDK */;
			targetProxy = 1DAA74C31C84491500485DB8 /* PBXContainerItemProxy */;
		};
		1DAA74CF1C84491500485DB8 /* PBXTargetDependency */ = {
			isa = PBXTargetDependency;
			target = 1DAA74A81C84491500485DB8 /* SeetaoSDK */;
			targetProxy = 1DAA74CE1C84491500485DB8 /* PBXContainerItemProxy */;
		};
/* End PBXTargetDependency section */

/* Begin PBXVariantGroup section */
		1DAA74B51C84491500485DB8 /* Main.storyboard */ = {
			isa = PBXVariantGroup;
			children = (
				1DAA74B61C84491500485DB8 /* Base */,
			);
			name = Main.storyboard;
			sourceTree = "<group>";
		};
		1DAA74BA1C84491500485DB8 /* LaunchScreen.storyboard */ = {
			isa = PBXVariantGroup;
			children = (
				1DAA74BB1C84491500485DB8 /* Base */,
			);
			name = LaunchScreen.storyboard;
			sourceTree = "<group>";
		};
/* End PBXVariantGroup section */

/* Begin XCBuildConfiguration section */
		1DAA74D41C84491500485DB8 /* Debug */ = {
			isa = XCBuildConfiguration;
			buildSettings = {
				ALWAYS_SEARCH_USER_PATHS = NO;
				CLANG_CXX_LANGUAGE_STANDARD = "gnu++0x";
				CLANG_CXX_LIBRARY = "libc++";
				CLANG_ENABLE_MODULES = YES;
				CLANG_ENABLE_OBJC_ARC = YES;
				CLANG_WARN_BOOL_CONVERSION = YES;
				CLANG_WARN_CONSTANT_CONVERSION = YES;
				CLANG_WARN_DIRECT_OBJC_ISA_USAGE = YES_ERROR;
				CLANG_WARN_EMPTY_BODY = YES;
				CLANG_WARN_ENUM_CONVERSION = YES;
				CLANG_WARN_INT_CONVERSION = YES;
				CLANG_WARN_OBJC_ROOT_CLASS = YES_ERROR;
				CLANG_WARN_UNREACHABLE_CODE = YES;
				CLANG_WARN__DUPLICATE_METHOD_MATCH = YES;
				"CODE_SIGN_IDENTITY[sdk=iphoneos*]" = "iPhone Developer";
				COPY_PHASE_STRIP = NO;
				DEBUG_INFORMATION_FORMAT = dwarf;
				ENABLE_STRICT_OBJC_MSGSEND = YES;
				ENABLE_TESTABILITY = YES;
				GCC_C_LANGUAGE_STANDARD = gnu99;
				GCC_DYNAMIC_NO_PIC = NO;
				GCC_NO_COMMON_BLOCKS = YES;
				GCC_OPTIMIZATION_LEVEL = 0;
				GCC_PREPROCESSOR_DEFINITIONS = (
					"DEBUG=1",
					"$(inherited)",
				);
				GCC_WARN_64_TO_32_BIT_CONVERSION = YES;
				GCC_WARN_ABOUT_RETURN_TYPE = YES_ERROR;
				GCC_WARN_UNDECLARED_SELECTOR = YES;
				GCC_WARN_UNINITIALIZED_AUTOS = YES_AGGRESSIVE;
				GCC_WARN_UNUSED_FUNCTION = YES;
				GCC_WARN_UNUSED_VARIABLE = YES;
				IPHONEOS_DEPLOYMENT_TARGET = 9.2;
				MTL_ENABLE_DEBUG_INFO = YES;
				ONLY_ACTIVE_ARCH = YES;
				SDKROOT = iphoneos;
				TARGETED_DEVICE_FAMILY = "1,2";
			};
			name = Debug;
		};
		1DAA74D51C84491500485DB8 /* Release */ = {
			isa = XCBuildConfiguration;
			buildSettings = {
				ALWAYS_SEARCH_USER_PATHS = NO;
				CLANG_CXX_LANGUAGE_STANDARD = "gnu++0x";
				CLANG_CXX_LIBRARY = "libc++";
				CLANG_ENABLE_MODULES = YES;
				CLANG_ENABLE_OBJC_ARC = YES;
				CLANG_WARN_BOOL_CONVERSION = YES;
				CLANG_WARN_CONSTANT_CONVERSION = YES;
				CLANG_WARN_DIRECT_OBJC_ISA_USAGE = YES_ERROR;
				CLANG_WARN_EMPTY_BODY = YES;
				CLANG_WARN_ENUM_CONVERSION = YES;
				CLANG_WARN_INT_CONVERSION = YES;
				CLANG_WARN_OBJC_ROOT_CLASS = YES_ERROR;
				CLANG_WARN_UNREACHABLE_CODE = YES;
				CLANG_WARN__DUPLICATE_METHOD_MATCH = YES;
				"CODE_SIGN_IDENTITY[sdk=iphoneos*]" = "iPhone Developer";
				COPY_PHASE_STRIP = NO;
				DEBUG_INFORMATION_FORMAT = "dwarf-with-dsym";
				ENABLE_NS_ASSERTIONS = NO;
				ENABLE_STRICT_OBJC_MSGSEND = YES;
				GCC_C_LANGUAGE_STANDARD = gnu99;
				GCC_NO_COMMON_BLOCKS = YES;
				GCC_WARN_64_TO_32_BIT_CONVERSION = YES;
				GCC_WARN_ABOUT_RETURN_TYPE = YES_ERROR;
				GCC_WARN_UNDECLARED_SELECTOR = YES;
				GCC_WARN_UNINITIALIZED_AUTOS = YES_AGGRESSIVE;
				GCC_WARN_UNUSED_FUNCTION = YES;
				GCC_WARN_UNUSED_VARIABLE = YES;
				IPHONEOS_DEPLOYMENT_TARGET = 9.2;
				MTL_ENABLE_DEBUG_INFO = NO;
				SDKROOT = iphoneos;
				TARGETED_DEVICE_FAMILY = "1,2";
				VALIDATE_PRODUCT = YES;
			};
			name = Release;
		};
		1DAA74D71C84491500485DB8 /* Debug */ = {
			isa = XCBuildConfiguration;
			buildSettings = {
				ASSETCATALOG_COMPILER_APPICON_NAME = AppIcon;
				INFOPLIST_FILE = SeetaoSDK/Info.plist;
				LD_RUNPATH_SEARCH_PATHS = "$(inherited) @executable_path/Frameworks";
				LIBRARY_SEARCH_PATHS = (
					"$(inherited)",
					"$(PROJECT_DIR)/SeetaoSDK/SeetaoSDK/Libs",
				);
				PRODUCT_BUNDLE_IDENTIFIER = zhanglichi.SeetaoSDK;
				PRODUCT_NAME = "$(TARGET_NAME)";
			};
			name = Debug;
		};
		1DAA74D81C84491500485DB8 /* Release */ = {
			isa = XCBuildConfiguration;
			buildSettings = {
				ASSETCATALOG_COMPILER_APPICON_NAME = AppIcon;
				INFOPLIST_FILE = SeetaoSDK/Info.plist;
				LD_RUNPATH_SEARCH_PATHS = "$(inherited) @executable_path/Frameworks";
				LIBRARY_SEARCH_PATHS = (
					"$(inherited)",
					"$(PROJECT_DIR)/SeetaoSDK/SeetaoSDK/Libs",
				);
				PRODUCT_BUNDLE_IDENTIFIER = zhanglichi.SeetaoSDK;
				PRODUCT_NAME = "$(TARGET_NAME)";
			};
			name = Release;
		};
		1DAA74DA1C84491500485DB8 /* Debug */ = {
			isa = XCBuildConfiguration;
			buildSettings = {
				BUNDLE_LOADER = "$(TEST_HOST)";
				INFOPLIST_FILE = SeetaoSDKTests/Info.plist;
				LD_RUNPATH_SEARCH_PATHS = "$(inherited) @executable_path/Frameworks @loader_path/Frameworks";
				PRODUCT_BUNDLE_IDENTIFIER = zhanglichi.SeetaoSDKTests;
				PRODUCT_NAME = "$(TARGET_NAME)";
				TEST_HOST = "$(BUILT_PRODUCTS_DIR)/SeetaoSDK.app/SeetaoSDK";
			};
			name = Debug;
		};
		1DAA74DB1C84491500485DB8 /* Release */ = {
			isa = XCBuildConfiguration;
			buildSettings = {
				BUNDLE_LOADER = "$(TEST_HOST)";
				INFOPLIST_FILE = SeetaoSDKTests/Info.plist;
				LD_RUNPATH_SEARCH_PATHS = "$(inherited) @executable_path/Frameworks @loader_path/Frameworks";
				PRODUCT_BUNDLE_IDENTIFIER = zhanglichi.SeetaoSDKTests;
				PRODUCT_NAME = "$(TARGET_NAME)";
				TEST_HOST = "$(BUILT_PRODUCTS_DIR)/SeetaoSDK.app/SeetaoSDK";
			};
			name = Release;
		};
		1DAA74DD1C84491500485DB8 /* Debug */ = {
			isa = XCBuildConfiguration;
			buildSettings = {
				INFOPLIST_FILE = SeetaoSDKUITests/Info.plist;
				LD_RUNPATH_SEARCH_PATHS = "$(inherited) @executable_path/Frameworks @loader_path/Frameworks";
				PRODUCT_BUNDLE_IDENTIFIER = zhanglichi.SeetaoSDKUITests;
				PRODUCT_NAME = "$(TARGET_NAME)";
				TEST_TARGET_NAME = SeetaoSDK;
				USES_XCTRUNNER = YES;
			};
			name = Debug;
		};
		1DAA74DE1C84491500485DB8 /* Release */ = {
			isa = XCBuildConfiguration;
			buildSettings = {
				INFOPLIST_FILE = SeetaoSDKUITests/Info.plist;
				LD_RUNPATH_SEARCH_PATHS = "$(inherited) @executable_path/Frameworks @loader_path/Frameworks";
				PRODUCT_BUNDLE_IDENTIFIER = zhanglichi.SeetaoSDKUITests;
				PRODUCT_NAME = "$(TARGET_NAME)";
				TEST_TARGET_NAME = SeetaoSDK;
				USES_XCTRUNNER = YES;
			};
			name = Release;
		};
/* End XCBuildConfiguration section */

/* Begin XCConfigurationList section */
		1DAA74A41C84491500485DB8 /* Build configuration list for PBXProject "SeetaoSDK" */ = {
			isa = XCConfigurationList;
			buildConfigurations = (
				1DAA74D41C84491500485DB8 /* Debug */,
				1DAA74D51C84491500485DB8 /* Release */,
			);
			defaultConfigurationIsVisible = 0;
			defaultConfigurationName = Release;
		};
		1DAA74D61C84491500485DB8 /* Build configuration list for PBXNativeTarget "SeetaoSDK" */ = {
			isa = XCConfigurationList;
			buildConfigurations = (
				1DAA74D71C84491500485DB8 /* Debug */,
				1DAA74D81C84491500485DB8 /* Release */,
			);
			defaultConfigurationIsVisible = 0;
		};
		1DAA74D91C84491500485DB8 /* Build configuration list for PBXNativeTarget "SeetaoSDKTests" */ = {
			isa = XCConfigurationList;
			buildConfigurations = (
				1DAA74DA1C84491500485DB8 /* Debug */,
				1DAA74DB1C84491500485DB8 /* Release */,
			);
			defaultConfigurationIsVisible = 0;
		};
		1DAA74DC1C84491500485DB8 /* Build configuration list for PBXNativeTarget "SeetaoSDKUITests" */ = {
			isa = XCConfigurationList;
			buildConfigurations = (
				1DAA74DD1C84491500485DB8 /* Debug */,
				1DAA74DE1C84491500485DB8 /* Release */,
			);
			defaultConfigurationIsVisible = 0;
		};
/* End XCConfigurationList section */
	};
	rootObject = 1DAA74A11C84491500485DB8 /* Project object */;
}
